
Microsoft Visual Studio Solution File, Format Version 12.00
# Visual Studio Version 17
VisualStudioVersion = 17.0.31903.59
MinimumVisualStudioVersion = 10.0.40219.1
Project("{FAE04EC0-301F-11D3-BF4B-00C04F79EFBC}") = "API", "API\API.csproj", "{6FF3BEE5-C605-4F3D-89A2-527E8F44153B}"
EndProject
Project("{FAE04EC0-301F-11D3-BF4B-00C04F79EFBC}") = "Domain", "Domain\Domain.csproj", "{C4BEE2A3-CD20-4496-B231-26210083149B}"
EndProject
Project("{FAE04EC0-301F-11D3-BF4B-00C04F79EFBC}") = "Persistence", "Persistence\Persistence.csproj", "{D8D52DAC-B101-48CF-AA14-189F3EF3F148}"
EndProject
Project("{FAE04EC0-301F-11D3-BF4B-00C04F79EFBC}") = "Aplication", "Aplication\Aplication.csproj", "{C38D9B51-6364-4504-B82F-B65A9AAD4FAE}"
EndProject
Global
	GlobalSection(SolutionConfigurationPlatforms) = preSolution
		Debug|Any CPU = Debug|Any CPU
		Release|Any CPU = Release|Any CPU
	EndGlobalSection
	GlobalSection(SolutionProperties) = preSolution
		HideSolutionNode = FALSE
	EndGlobalSection
	GlobalSection(ProjectConfigurationPlatforms) = postSolution
		{6FF3BEE5-C605-4F3D-89A2-527E8F44153B}.Debug|Any CPU.ActiveCfg = Debug|Any CPU
		{6FF3BEE5-C605-4F3D-89A2-527E8F44153B}.Debug|Any CPU.Build.0 = Debug|Any CPU
		{6FF3BEE5-C605-4F3D-89A2-527E8F44153B}.Release|Any CPU.ActiveCfg = Release|Any CPU
		{6FF3BEE5-C605-4F3D-89A2-527E8F44153B}.Release|Any CPU.Build.0 = Release|Any CPU
		{C4BEE2A3-CD20-4496-B231-26210083149B}.Debug|Any CPU.ActiveCfg = Debug|Any CPU
		{C4BEE2A3-CD20-4496-B231-26210083149B}.Debug|Any CPU.Build.0 = Debug|Any CPU
		{C4BEE2A3-CD20-4496-B231-26210083149B}.Release|Any CPU.ActiveCfg = Release|Any CPU
		{C4BEE2A3-CD20-4496-B231-26210083149B}.Release|Any CPU.Build.0 = Release|Any CPU
		{D8D52DAC-B101-48CF-AA14-189F3EF3F148}.Debug|Any CPU.ActiveCfg = Debug|Any CPU
		{D8D52DAC-B101-48CF-AA14-189F3EF3F148}.Debug|Any CPU.Build.0 = Debug|Any CPU
		{D8D52DAC-B101-48CF-AA14-189F3EF3F148}.Release|Any CPU.ActiveCfg = Release|Any CPU
		{D8D52DAC-B101-48CF-AA14-189F3EF3F148}.Release|Any CPU.Build.0 = Release|Any CPU
		{C38D9B51-6364-4504-B82F-B65A9AAD4FAE}.Debug|Any CPU.ActiveCfg = Debug|Any CPU
		{C38D9B51-6364-4504-B82F-B65A9AAD4FAE}.Debug|Any CPU.Build.0 = Debug|Any CPU
		{C38D9B51-6364-4504-B82F-B65A9AAD4FAE}.Release|Any CPU.ActiveCfg = Release|Any CPU
		{C38D9B51-6364-4504-B82F-B65A9AAD4FAE}.Release|Any CPU.Build.0 = Release|Any CPU
	EndGlobalSection
EndGlobal
